<?xml version="1.0" encoding="utf-8"?>
<Project ToolsVersion="4.0" xmlns="http://schemas.microsoft.com/developer/msbuild/2003">
  <ItemGroup>
    <Filter Include="ソース ファイル">
      <UniqueIdentifier>{4FC737F1-C7A5-4376-A066-2A32D752A2FF}</UniqueIdentifier>
      <Extensions>cpp;c;cc;cxx;def;odl;idl;hpj;bat;asm;asmx</Extensions>
    </Filter>
    <Filter Include="ヘッダー ファイル">
      <UniqueIdentifier>{93995380-89BD-4b04-88EB-625FBE52EBFB}</UniqueIdentifier>
      <Extensions>h;hh;hpp;hxx;hm;inl;inc;ipp;xsd</Extensions>
    </Filter>
    <Filter Include="リソース ファイル">
      <UniqueIdentifier>{67DA6AB6-F800-4c08-8B7A-83BB121AAD01}</UniqueIdentifier>
      <Extensions>rc;ico;cur;bmp;dlg;rc2;rct;bin;rgs;gif;jpg;jpeg;jpe;resx;tiff;tif;png;wav;mfcribbon-ms</Extensions>
    </Filter>
    <Filter Include="cpp">
      <UniqueIdentifier>{50aad194-8746-4e14-ba49-d55bbb0909ed}</UniqueIdentifier>
    </Filter>
    <Filter Include="h">
      <UniqueIdentifier>{57ae052a-2949-4256-b852-77341a825699}</UniqueIdentifier>
    </Filter>
  </ItemGroup>
  <ItemGroup>
    <ClCompile Include="..\cpp\bullet.cpp">
      <Filter>cpp</Filter>
    </ClCompile>
    <ClCompile Include="..\cpp\bulletpoint.cpp">
      <Filter>cpp</Filter>
    </ClCompile>
    <ClCompile Include="..\cpp\bulletprediction.cpp">
      <Filter>cpp</Filter>
    </ClCompile>
    <ClCompile Include="..\cpp\bullettex.cpp">
      <Filter>cpp</Filter>
    </ClCompile>
    <ClCompile Include="..\cpp\camera.cpp">
      <Filter>cpp</Filter>
    </ClCompile>
    <ClCompile Include="..\cpp\collision.cpp">
      <Filter>cpp</Filter>
    </ClCompile>
    <ClCompile Include="..\cpp\countdown.cpp">
      <Filter>cpp</Filter>
    </ClCompile>
    <ClCompile Include="..\cpp\damege.cpp">
      <Filter>cpp</Filter>
    </ClCompile>
    <ClCompile Include="..\cpp\debugproc.cpp">
      <Filter>cpp</Filter>
    </ClCompile>
    <ClCompile Include="..\cpp\effect.cpp">
      <Filter>cpp</Filter>
    </ClCompile>
    <ClCompile Include="..\cpp\explosion.cpp">
      <Filter>cpp</Filter>
    </ClCompile>
    <ClCompile Include="..\cpp\fade.cpp">
      <Filter>cpp</Filter>
    </ClCompile>
    <ClCompile Include="..\cpp\field.cpp">
      <Filter>cpp</Filter>
    </ClCompile>
    <ClCompile Include="..\cpp\input.cpp">
      <Filter>cpp</Filter>
    </ClCompile>
    <ClCompile Include="..\cpp\item.cpp">
      <Filter>cpp</Filter>
    </ClCompile>
    <ClCompile Include="..\cpp\library.cpp">
      <Filter>cpp</Filter>
    </ClCompile>
    <ClCompile Include="..\cpp\life.cpp">
      <Filter>cpp</Filter>
    </ClCompile>
    <ClCompile Include="..\cpp\light.cpp">
      <Filter>cpp</Filter>
    </ClCompile>
    <ClCompile Include="..\cpp\main.cpp">
      <Filter>cpp</Filter>
    </ClCompile>
    <ClCompile Include="..\cpp\player.cpp">
      <Filter>cpp</Filter>
    </ClCompile>
    <ClCompile Include="..\cpp\rank.cpp">
      <Filter>cpp</Filter>
    </ClCompile>
    <ClCompile Include="..\cpp\result.cpp">
      <Filter>cpp</Filter>
    </ClCompile>
    <ClCompile Include="..\cpp\shadow.cpp">
      <Filter>cpp</Filter>
    </ClCompile>
    <ClCompile Include="..\cpp\sound.cpp">
      <Filter>cpp</Filter>
    </ClCompile>
    <ClCompile Include="..\cpp\status.cpp">
      <Filter>cpp</Filter>
    </ClCompile>
    <ClCompile Include="..\cpp\time.cpp">
      <Filter>cpp</Filter>
    </ClCompile>
    <ClCompile Include="..\cpp\title.cpp">
      <Filter>cpp</Filter>
    </ClCompile>
    <ClCompile Include="..\cpp\tutorial.cpp">
      <Filter>cpp</Filter>
    </ClCompile>
    <ClCompile Include="..\cpp\wall.cpp">
      <Filter>cpp</Filter>
    </ClCompile>
  </ItemGroup>
  <ItemGroup>
    <ClInclude Include="..\h\bullet.h">
      <Filter>h</Filter>
    </ClInclude>
    <ClInclude Include="..\h\bulletpoint.h">
      <Filter>h</Filter>
    </ClInclude>
    <ClInclude Include="..\h\bulletprediction.h">
      <Filter>h</Filter>
    </ClInclude>
    <ClInclude Include="..\h\bullettex.h">
      <Filter>h</Filter>
    </ClInclude>
    <ClInclude Include="..\h\camera.h">
      <Filter>h</Filter>
    </ClInclude>
    <ClInclude Include="..\h\collision.h">
      <Filter>h</Filter>
    </ClInclude>
    <ClInclude Include="..\h\countdown.h">
      <Filter>h</Filter>
    </ClInclude>
    <ClInclude Include="..\h\damege.h">
      <Filter>h</Filter>
    </ClInclude>
    <ClInclude Include="..\h\debugproc.h">
      <Filter>h</Filter>
    </ClInclude>
    <ClInclude Include="..\h\effect.h">
      <Filter>h</Filter>
    </ClInclude>
    <ClInclude Include="..\h\explosion.h">
      <Filter>h</Filter>
    </ClInclude>
    <ClInclude Include="..\h\fade.h">
      <Filter>h</Filter>
    </ClInclude>
    <ClInclude Include="..\h\field.h">
      <Filter>h</Filter>
    </ClInclude>
    <ClInclude Include="..\h\input.h">
      <Filter>h</Filter>
    </ClInclude>
    <ClInclude Include="..\h\item.h">
      <Filter>h</Filter>
    </ClInclude>
    <ClInclude Include="..\h\library.h">
      <Filter>h</Filter>
    </ClInclude>
    <ClInclude Include="..\h\life.h">
      <Filter>h</Filter>
    </ClInclude>
    <ClInclude Include="..\h\light.h">
      <Filter>h</Filter>
    </ClInclude>
    <ClInclude Include="..\h\main.h">
      <Filter>h</Filter>
    </ClInclude>
    <ClInclude Include="..\h\player.h">
      <Filter>h</Filter>
    </ClInclude>
    <ClInclude Include="..\h\rank.h">
      <Filter>h</Filter>
    </ClInclude>
    <ClInclude Include="..\h\result.h">
      <Filter>h</Filter>
    </ClInclude>
    <ClInclude Include="..\h\shadow.h">
      <Filter>h</Filter>
    </ClInclude>
    <ClInclude Include="..\h\sound.h">
      <Filter>h</Filter>
    </ClInclude>
    <ClInclude Include="..\h\status.h">
      <Filter>h</Filter>
    </ClInclude>
    <ClInclude Include="..\h\time.h">
      <Filter>h</Filter>
    </ClInclude>
    <ClInclude Include="..\h\title.h">
      <Filter>h</Filter>
    </ClInclude>
    <ClInclude Include="..\h\tutorial.h">
      <Filter>h</Filter>
    </ClInclude>
    <ClInclude Include="..\h\wall.h">
      <Filter>h</Filter>
    </ClInclude>
  </ItemGroup>
</Project>