<?xml version="1.0" encoding="utf-8"?>
<Project ToolsVersion="4.0" xmlns="http://schemas.microsoft.com/developer/msbuild/2003">
  <ItemGroup>
    <Filter Include="ソース ファイル">
      <UniqueIdentifier>{4FC737F1-C7A5-4376-A066-2A32D752A2FF}</UniqueIdentifier>
      <Extensions>cpp;c;cc;cxx;def;odl;idl;hpj;bat;asm;asmx</Extensions>
    </Filter>
    <Filter Include="ヘッダー ファイル">
      <UniqueIdentifier>{93995380-89BD-4b04-88EB-625FBE52EBFB}</UniqueIdentifier>
      <Extensions>h;hh;hpp;hxx;hm;inl;inc;ipp;xsd</Extensions>
    </Filter>
    <Filter Include="リソース ファイル">
      <UniqueIdentifier>{67DA6AB6-F800-4c08-8B7A-83BB121AAD01}</UniqueIdentifier>
      <Extensions>rc;ico;cur;bmp;dlg;rc2;rct;bin;rgs;gif;jpg;jpeg;jpe;resx;tiff;tif;png;wav;mfcribbon-ms</Extensions>
    </Filter>
    <Filter Include="cpp">
      <UniqueIdentifier>{50aad194-8746-4e14-ba49-d55bbb0909ed}</UniqueIdentifier>
    </Filter>
    <Filter Include="h">
      <UniqueIdentifier>{57ae052a-2949-4256-b852-77341a825699}</UniqueIdentifier>
    </Filter>
    <Filter Include="cpp\Map">
      <UniqueIdentifier>{39de7acb-bb73-483c-a9b8-9ab40afb9558}</UniqueIdentifier>
    </Filter>
    <Filter Include="cpp\Net">
      <UniqueIdentifier>{f8d8f4b6-a232-4326-b612-8820280bbebd}</UniqueIdentifier>
    </Filter>
    <Filter Include="cpp\Object">
      <UniqueIdentifier>{98a96e2d-dc47-47f3-8d8b-daa529a73ca2}</UniqueIdentifier>
    </Filter>
    <Filter Include="cpp\Other">
      <UniqueIdentifier>{0343b9d1-da55-4dbb-a4dc-e06cedf668c0}</UniqueIdentifier>
    </Filter>
    <Filter Include="cpp\Draw">
      <UniqueIdentifier>{2cd506c2-a81e-4590-af37-834f1b307769}</UniqueIdentifier>
    </Filter>
    <Filter Include="cpp\Update">
      <UniqueIdentifier>{b7a7cf17-5ada-41a8-876d-0f139cfdae83}</UniqueIdentifier>
    </Filter>
    <Filter Include="cpp\Collision">
      <UniqueIdentifier>{31150ae0-d632-44ae-938a-78da51aab22c}</UniqueIdentifier>
    </Filter>
    <Filter Include="cpp\Debug">
      <UniqueIdentifier>{9e3b9cb5-b777-49ee-985e-3c6b27d5689b}</UniqueIdentifier>
    </Filter>
    <Filter Include="cpp\Effect">
      <UniqueIdentifier>{9d370243-79fd-484d-b870-9aee64b92d23}</UniqueIdentifier>
    </Filter>
    <Filter Include="cpp\Object\Bullet">
      <UniqueIdentifier>{5d532c76-1539-4750-a5ef-2c72661360ba}</UniqueIdentifier>
    </Filter>
    <Filter Include="cpp\Object\Player">
      <UniqueIdentifier>{9a49139f-3e3b-4f31-8528-192fa034105e}</UniqueIdentifier>
    </Filter>
    <Filter Include="cpp\Object\Item">
      <UniqueIdentifier>{c7feeca4-7432-43ec-8060-8812b4676936}</UniqueIdentifier>
    </Filter>
    <Filter Include="cpp\Object\Shadow">
      <UniqueIdentifier>{e5b3c163-8359-44aa-bb96-fe7095e5b3f4}</UniqueIdentifier>
    </Filter>
    <Filter Include="cpp\Object\Camera">
      <UniqueIdentifier>{81840e4b-264d-4198-98d8-6b90de66c2f0}</UniqueIdentifier>
    </Filter>
    <Filter Include="cpp\Object\CountDown">
      <UniqueIdentifier>{cd8e141b-12e9-493c-a80f-7d9b88d517af}</UniqueIdentifier>
    </Filter>
    <Filter Include="cpp\Object\Rank">
      <UniqueIdentifier>{b234f084-dedb-4467-b2bc-7834a58113ba}</UniqueIdentifier>
    </Filter>
    <Filter Include="cpp\Object\Title">
      <UniqueIdentifier>{27d4e1a1-2447-47a2-81ed-125fce544e92}</UniqueIdentifier>
    </Filter>
    <Filter Include="cpp\Object\Tutorial">
      <UniqueIdentifier>{2cc0cbc4-e3ca-454f-822f-fa79c93ac620}</UniqueIdentifier>
    </Filter>
    <Filter Include="cpp\Library">
      <UniqueIdentifier>{7717ebc2-1d2c-46c0-bc79-8d896bc9b158}</UniqueIdentifier>
    </Filter>
    <Filter Include="cpp\Object\Player\Status">
      <UniqueIdentifier>{983fe47a-7318-4670-a81e-1d426f9618e8}</UniqueIdentifier>
    </Filter>
    <Filter Include="cpp\Object\Player\VitalGauge">
      <UniqueIdentifier>{eaebb26a-4328-4091-8b6f-2d28742a275e}</UniqueIdentifier>
    </Filter>
    <Filter Include="h\Effect">
      <UniqueIdentifier>{8d97ac0f-8e78-4f2f-9ac2-6d6cd33ff5bd}</UniqueIdentifier>
    </Filter>
    <Filter Include="h\Map">
      <UniqueIdentifier>{87f939d6-98b4-45ea-a247-27fce4cc9dac}</UniqueIdentifier>
    </Filter>
    <Filter Include="h\Net">
      <UniqueIdentifier>{3801e6a8-e906-4500-9dfb-7e856e70d212}</UniqueIdentifier>
    </Filter>
    <Filter Include="h\Object">
      <UniqueIdentifier>{5355b4b6-760b-40d6-bfe0-840d10af5c09}</UniqueIdentifier>
    </Filter>
    <Filter Include="h\Other">
      <UniqueIdentifier>{1b8cd7ca-d130-4ee8-a3fd-17daefc43ff1}</UniqueIdentifier>
    </Filter>
    <Filter Include="h\Collision">
      <UniqueIdentifier>{2788db82-f309-4d72-9319-dd19c7cf5441}</UniqueIdentifier>
    </Filter>
    <Filter Include="h\Debug">
      <UniqueIdentifier>{dfe4a528-d2d6-4b48-8f9b-e706d642c17e}</UniqueIdentifier>
    </Filter>
    <Filter Include="h\Object\Camera">
      <UniqueIdentifier>{4cd5b28a-684e-4469-9d7b-57bba893479c}</UniqueIdentifier>
    </Filter>
    <Filter Include="h\Object\CountDown">
      <UniqueIdentifier>{f628b8cc-44cb-45dc-ae6f-fd490db74e96}</UniqueIdentifier>
    </Filter>
    <Filter Include="h\Object\ObjectClass">
      <UniqueIdentifier>{131372c9-e110-409e-930c-fdfb3f724df3}</UniqueIdentifier>
    </Filter>
    <Filter Include="h\Object\ObjectClass\Interface">
      <UniqueIdentifier>{10b230c4-5ea5-4514-9b7b-ea23b2dc95e7}</UniqueIdentifier>
    </Filter>
    <Filter Include="h\Object\ObjectClass\Instance">
      <UniqueIdentifier>{13ad8976-2d4a-4490-998a-4ff9cbd5f8ad}</UniqueIdentifier>
    </Filter>
    <Filter Include="cpp\Object\ObjectClass">
      <UniqueIdentifier>{d104e89c-8aeb-45d1-9523-39005fc34229}</UniqueIdentifier>
    </Filter>
    <Filter Include="cpp\Object\ObjectClass\Interface">
      <UniqueIdentifier>{ce48d3ff-64b6-47b7-99b5-acaef85cddc9}</UniqueIdentifier>
    </Filter>
    <Filter Include="cpp\Object\ObjectClass\Instance">
      <UniqueIdentifier>{9356b28c-f7f2-4752-ac14-883a2cb04fa6}</UniqueIdentifier>
    </Filter>
    <Filter Include="h\Object\Player">
      <UniqueIdentifier>{7413c587-d5b7-4bb0-b9cc-4e10116524c7}</UniqueIdentifier>
    </Filter>
    <Filter Include="h\Object\Rank">
      <UniqueIdentifier>{21b54984-ea8d-4836-a163-6f4db2ce7681}</UniqueIdentifier>
    </Filter>
    <Filter Include="h\Object\Result">
      <UniqueIdentifier>{96c71789-7c6a-4a3a-8584-91d6ba851f96}</UniqueIdentifier>
    </Filter>
    <Filter Include="h\Object\Shadow">
      <UniqueIdentifier>{8f394fcb-3383-42ba-87b3-b9c98d6e9a54}</UniqueIdentifier>
    </Filter>
    <Filter Include="h\Object\Title">
      <UniqueIdentifier>{c47f2571-44f8-4eab-9019-2ad4f2847c45}</UniqueIdentifier>
    </Filter>
    <Filter Include="h\Object\Tutorial">
      <UniqueIdentifier>{afabab78-288d-4cbe-b789-fc69f0c363db}</UniqueIdentifier>
    </Filter>
    <Filter Include="h\Object\Player\Status">
      <UniqueIdentifier>{32022289-5564-49fb-8de3-24a1e1453fac}</UniqueIdentifier>
    </Filter>
    <Filter Include="h\Object\Player\VitalGauge">
      <UniqueIdentifier>{7f6883f1-fe0c-47a7-801e-4f7d5aec30ff}</UniqueIdentifier>
    </Filter>
    <Filter Include="cpp\Object\Result">
      <UniqueIdentifier>{be8216c2-9878-45cb-8c94-dcc521115588}</UniqueIdentifier>
    </Filter>
    <Filter Include="h\Object\Bullet">
      <UniqueIdentifier>{a40de41a-b3ea-4448-bb8f-7cb0e1bbda3b}</UniqueIdentifier>
    </Filter>
    <Filter Include="h\Object\ObjectClass\StandardComponent">
      <UniqueIdentifier>{7c8f833c-e5c0-40c3-bf2e-f0c1acd29ffc}</UniqueIdentifier>
    </Filter>
    <Filter Include="cpp\Object\ObjectClass\StandardComponent">
      <UniqueIdentifier>{4a5bc6e3-81de-4862-9576-3e4cc4f1ca99}</UniqueIdentifier>
    </Filter>
    <Filter Include="cpp\Object\ObjectClass\StandardComponent\Model">
      <UniqueIdentifier>{c0fdb842-8772-440f-a939-f86322a6eac1}</UniqueIdentifier>
    </Filter>
    <Filter Include="cpp\Object\ObjectClass\StandardComponent\TransForm">
      <UniqueIdentifier>{1226c03e-4cb9-4991-bbde-3c54578e04ee}</UniqueIdentifier>
    </Filter>
    <Filter Include="cpp\Object\ObjectClass\StandardComponent\UseCheck">
      <UniqueIdentifier>{acb03943-1320-4530-914a-4b5987039aa1}</UniqueIdentifier>
    </Filter>
    <Filter Include="h\Object\ObjectClass\StandardComponent\Model">
      <UniqueIdentifier>{098ef6f5-6898-49bc-ad3a-7b344647bd93}</UniqueIdentifier>
    </Filter>
    <Filter Include="h\Object\ObjectClass\StandardComponent\TransForm">
      <UniqueIdentifier>{5e99bc3a-8b5b-4a8f-b0d6-da6a0e7d1eca}</UniqueIdentifier>
    </Filter>
    <Filter Include="h\Object\ObjectClass\StandardComponent\UseCheck">
      <UniqueIdentifier>{337538e2-4fbd-4647-8fff-59e7ea2fce1a}</UniqueIdentifier>
    </Filter>
    <Filter Include="h\Library">
      <UniqueIdentifier>{5d67271b-9195-4532-9509-bb25add760fa}</UniqueIdentifier>
    </Filter>
    <Filter Include="h\Object\Scene">
      <UniqueIdentifier>{d9993a67-04de-4bd2-bf75-2cc768879f2c}</UniqueIdentifier>
    </Filter>
    <Filter Include="cpp\Object\Scene">
      <UniqueIdentifier>{e61ab870-6707-4b4a-b2af-97e948043e65}</UniqueIdentifier>
    </Filter>
    <Filter Include="h\Object\Item">
      <UniqueIdentifier>{04d56bcf-8bbf-4816-aaf2-262b7a6c36bf}</UniqueIdentifier>
    </Filter>
    <Filter Include="h\Draw">
      <UniqueIdentifier>{5de63b92-a177-4ca6-9fca-0c7a75a87596}</UniqueIdentifier>
    </Filter>
    <Filter Include="h\Update">
      <UniqueIdentifier>{ccc6331d-308d-42c6-9eea-58409fcd6cad}</UniqueIdentifier>
    </Filter>
  </ItemGroup>
  <ItemGroup>
    <ClCompile Include="..\cpp\main.cpp">
      <Filter>cpp</Filter>
    </ClCompile>
    <ClCompile Include="..\cpp\Debug\debugproc.cpp">
      <Filter>cpp\Debug</Filter>
    </ClCompile>
    <ClCompile Include="..\cpp\Library\library.cpp">
      <Filter>cpp\Library</Filter>
    </ClCompile>
    <ClCompile Include="..\cpp\Object\Tutorial\tutorial.cpp">
      <Filter>cpp\Object\Tutorial</Filter>
    </ClCompile>
    <ClCompile Include="..\cpp\Object\Title\title.cpp">
      <Filter>cpp\Object\Title</Filter>
    </ClCompile>
    <ClCompile Include="..\cpp\Object\Player\Status\status.cpp">
      <Filter>cpp\Object\Player\Status</Filter>
    </ClCompile>
    <ClCompile Include="..\cpp\Object\Player\VitalGauge\vitalgauge.cpp">
      <Filter>cpp\Object\Player\VitalGauge</Filter>
    </ClCompile>
    <ClCompile Include="..\cpp\Object\Player\player.cpp">
      <Filter>cpp\Object\Player</Filter>
    </ClCompile>
    <ClCompile Include="..\cpp\Object\Camera\camera.cpp">
      <Filter>cpp\Object\Camera</Filter>
    </ClCompile>
    <ClCompile Include="..\cpp\Object\Item\item.cpp">
      <Filter>cpp\Object\Item</Filter>
    </ClCompile>
    <ClCompile Include="..\cpp\Object\CountDown\countdown.cpp">
      <Filter>cpp\Object\CountDown</Filter>
    </ClCompile>
    <ClCompile Include="..\cpp\Object\Shadow\shadow.cpp">
      <Filter>cpp\Object\Shadow</Filter>
    </ClCompile>
    <ClCompile Include="..\cpp\Object\Rank\rank.cpp">
      <Filter>cpp\Object\Rank</Filter>
    </ClCompile>
    <ClCompile Include="..\cpp\Object\Result\result.cpp">
      <Filter>cpp\Object\Result</Filter>
    </ClCompile>
    <ClCompile Include="..\cpp\Draw\Draw.cpp">
      <Filter>cpp\Draw</Filter>
    </ClCompile>
    <ClCompile Include="..\cpp\Update\Update.cpp">
      <Filter>cpp\Update</Filter>
    </ClCompile>
    <ClCompile Include="..\cpp\Effect\damege.cpp">
      <Filter>cpp\Effect</Filter>
    </ClCompile>
    <ClCompile Include="..\cpp\Effect\effect.cpp">
      <Filter>cpp\Effect</Filter>
    </ClCompile>
    <ClCompile Include="..\cpp\Effect\explosion.cpp">
      <Filter>cpp\Effect</Filter>
    </ClCompile>
    <ClCompile Include="..\cpp\Map\field.cpp">
      <Filter>cpp\Map</Filter>
    </ClCompile>
    <ClCompile Include="..\cpp\Map\sky.cpp">
      <Filter>cpp\Map</Filter>
    </ClCompile>
    <ClCompile Include="..\cpp\Map\wall.cpp">
      <Filter>cpp\Map</Filter>
    </ClCompile>
    <ClCompile Include="..\cpp\Net\netmatch.cpp">
      <Filter>cpp\Net</Filter>
    </ClCompile>
    <ClCompile Include="..\cpp\Net\sock.cpp">
      <Filter>cpp\Net</Filter>
    </ClCompile>
    <ClCompile Include="..\cpp\Object\Bullet\bullet.cpp">
      <Filter>cpp\Object\Bullet</Filter>
    </ClCompile>
    <ClCompile Include="..\cpp\Object\Bullet\bulletgauge.cpp">
      <Filter>cpp\Object\Bullet</Filter>
    </ClCompile>
    <ClCompile Include="..\cpp\Object\Bullet\bulletprediction.cpp">
      <Filter>cpp\Object\Bullet</Filter>
    </ClCompile>
    <ClCompile Include="..\cpp\Other\input.cpp">
      <Filter>cpp\Other</Filter>
    </ClCompile>
    <ClCompile Include="..\cpp\Other\sound.cpp">
      <Filter>cpp\Other</Filter>
    </ClCompile>
    <ClCompile Include="..\cpp\Object\ObjectClass\Interface\interface.cpp">
      <Filter>cpp\Object\ObjectClass\Interface</Filter>
    </ClCompile>
    <ClCompile Include="..\cpp\Object\ObjectClass\StandardComponent\Model\Model.cpp">
      <Filter>cpp\Object\ObjectClass\StandardComponent\Model</Filter>
    </ClCompile>
    <ClCompile Include="..\cpp\Object\ObjectClass\StandardComponent\UseCheak\UseCheck.cpp">
      <Filter>cpp\Object\ObjectClass\StandardComponent\UseCheck</Filter>
    </ClCompile>
    <ClCompile Include="..\cpp\Object\ObjectClass\StandardComponent\TransForm\TransForm.cpp">
      <Filter>cpp\Object\ObjectClass\StandardComponent\TransForm</Filter>
    </ClCompile>
    <ClCompile Include="..\cpp\Object\ObjectClass\Instance\instance.cpp">
      <Filter>cpp\Object\ObjectClass\Instance</Filter>
    </ClCompile>
    <ClCompile Include="..\cpp\Collision\CollisionCal.cpp">
      <Filter>cpp\Collision</Filter>
    </ClCompile>
    <ClCompile Include="..\cpp\Collision\CollisionCheck.cpp">
      <Filter>cpp\Collision</Filter>
    </ClCompile>
    <ClCompile Include="..\cpp\Object\Scene\Scene.cpp">
      <Filter>cpp\Object\Scene</Filter>
    </ClCompile>
  </ItemGroup>
  <ItemGroup>
    <ClInclude Include="..\h\main.h">
      <Filter>h</Filter>
    </ClInclude>
    <ClInclude Include="resource.h">
      <Filter>ヘッダー ファイル</Filter>
    </ClInclude>
    <ClInclude Include="..\h\Debug\debugproc.h">
      <Filter>h\Debug</Filter>
    </ClInclude>
    <ClInclude Include="..\h\Library\library.h">
      <Filter>h\Library</Filter>
    </ClInclude>
    <ClInclude Include="..\h\Object\Camera\camera.h">
      <Filter>h\Object\Camera</Filter>
    </ClInclude>
    <ClInclude Include="..\h\Object\CountDown\countdown.h">
      <Filter>h\Object\CountDown</Filter>
    </ClInclude>
    <ClInclude Include="..\h\Object\Tutorial\tutorial.h">
      <Filter>h\Object\Tutorial</Filter>
    </ClInclude>
    <ClInclude Include="..\h\Object\Title\title.h">
      <Filter>h\Object\Title</Filter>
    </ClInclude>
    <ClInclude Include="..\h\Object\Shadow\shadow.h">
      <Filter>h\Object\Shadow</Filter>
    </ClInclude>
    <ClInclude Include="..\h\Object\Result\result.h">
      <Filter>h\Object\Result</Filter>
    </ClInclude>
    <ClInclude Include="..\h\Object\Rank\rank.h">
      <Filter>h\Object\Rank</Filter>
    </ClInclude>
    <ClInclude Include="..\h\Object\Player\VitalGauge\vitalgauge.h">
      <Filter>h\Object\Player\VitalGauge</Filter>
    </ClInclude>
    <ClInclude Include="..\h\Object\Player\Status\status.h">
      <Filter>h\Object\Player\Status</Filter>
    </ClInclude>
    <ClInclude Include="..\h\Object\Player\player.h">
      <Filter>h\Object\Player</Filter>
    </ClInclude>
    <ClInclude Include="..\h\Effect\damege.h">
      <Filter>h\Effect</Filter>
    </ClInclude>
    <ClInclude Include="..\h\Effect\effect.h">
      <Filter>h\Effect</Filter>
    </ClInclude>
    <ClInclude Include="..\h\Effect\explosion.h">
      <Filter>h\Effect</Filter>
    </ClInclude>
    <ClInclude Include="..\h\Map\field.h">
      <Filter>h\Map</Filter>
    </ClInclude>
    <ClInclude Include="..\h\Map\sky.h">
      <Filter>h\Map</Filter>
    </ClInclude>
    <ClInclude Include="..\h\Map\wall.h">
      <Filter>h\Map</Filter>
    </ClInclude>
    <ClInclude Include="..\h\Net\netmatch.h">
      <Filter>h\Net</Filter>
    </ClInclude>
    <ClInclude Include="..\h\Net\sock.h">
      <Filter>h\Net</Filter>
    </ClInclude>
    <ClInclude Include="..\h\Object\Bullet\bullet.h">
      <Filter>h\Object\Bullet</Filter>
    </ClInclude>
    <ClInclude Include="..\h\Object\Bullet\bulletgauge.h">
      <Filter>h\Object\Bullet</Filter>
    </ClInclude>
    <ClInclude Include="..\h\Object\Bullet\bulletprediction.h">
      <Filter>h\Object\Bullet</Filter>
    </ClInclude>
    <ClInclude Include="..\h\Other\input.h">
      <Filter>h\Other</Filter>
    </ClInclude>
    <ClInclude Include="..\h\Other\sound.h">
      <Filter>h\Other</Filter>
    </ClInclude>
    <ClInclude Include="..\h\Object\ObjectClass\Interface\interface.h">
      <Filter>h\Object\ObjectClass\Interface</Filter>
    </ClInclude>
    <ClInclude Include="..\h\Object\ObjectClass\StandardComponent\Model\Model.h">
      <Filter>h\Object\ObjectClass\StandardComponent\Model</Filter>
    </ClInclude>
    <ClInclude Include="..\h\Object\ObjectClass\StandardComponent\UseCheck\UseCheck.h">
      <Filter>h\Object\ObjectClass\StandardComponent\UseCheck</Filter>
    </ClInclude>
    <ClInclude Include="..\h\Object\ObjectClass\StandardComponent\TransForm\TransForm.h">
      <Filter>h\Object\ObjectClass\StandardComponent\TransForm</Filter>
    </ClInclude>
    <ClInclude Include="..\h\Object\ObjectClass\Instance\instance.h">
      <Filter>h\Object\ObjectClass\Instance</Filter>
    </ClInclude>
    <ClInclude Include="..\h\Collision\CollisionCal.h">
      <Filter>h\Collision</Filter>
    </ClInclude>
    <ClInclude Include="..\h\Object\Scene\Scene.h">
      <Filter>h\Object\Scene</Filter>
    </ClInclude>
    <ClInclude Include="..\h\Object\Item\item.h">
      <Filter>h\Object\Item</Filter>
    </ClInclude>
    <ClInclude Include="..\h\Update\Update.h">
      <Filter>h\Update</Filter>
    </ClInclude>
    <ClInclude Include="..\h\Draw\Draw.h">
      <Filter>h\Draw</Filter>
    </ClInclude>
  </ItemGroup>
  <ItemGroup>
    <ResourceCompile Include="NiceShot.rc">
      <Filter>リソース ファイル</Filter>
    </ResourceCompile>
  </ItemGroup>
</Project>