<?xml version="1.0" encoding="utf-8"?>
<Project ToolsVersion="4.0" xmlns="http://schemas.microsoft.com/developer/msbuild/2003">
  <ItemGroup>
    <Filter Include="ソース ファイル">
      <UniqueIdentifier>{4FC737F1-C7A5-4376-A066-2A32D752A2FF}</UniqueIdentifier>
      <Extensions>cpp;c;cc;cxx;def;odl;idl;hpj;bat;asm;asmx</Extensions>
    </Filter>
    <Filter Include="ヘッダー ファイル">
      <UniqueIdentifier>{93995380-89BD-4b04-88EB-625FBE52EBFB}</UniqueIdentifier>
      <Extensions>h;hh;hpp;hxx;hm;inl;inc;ipp;xsd</Extensions>
    </Filter>
    <Filter Include="リソース ファイル">
      <UniqueIdentifier>{67DA6AB6-F800-4c08-8B7A-83BB121AAD01}</UniqueIdentifier>
      <Extensions>rc;ico;cur;bmp;dlg;rc2;rct;bin;rgs;gif;jpg;jpeg;jpe;resx;tiff;tif;png;wav;mfcribbon-ms</Extensions>
    </Filter>
    <Filter Include="cpp">
      <UniqueIdentifier>{50aad194-8746-4e14-ba49-d55bbb0909ed}</UniqueIdentifier>
    </Filter>
    <Filter Include="h">
      <UniqueIdentifier>{57ae052a-2949-4256-b852-77341a825699}</UniqueIdentifier>
    </Filter>
    <Filter Include="cpp\effect">
      <UniqueIdentifier>{9d370243-79fd-484d-b870-9aee64b92d23}</UniqueIdentifier>
    </Filter>
    <Filter Include="cpp\map">
      <UniqueIdentifier>{39de7acb-bb73-483c-a9b8-9ab40afb9558}</UniqueIdentifier>
    </Filter>
    <Filter Include="cpp\object">
      <UniqueIdentifier>{98a96e2d-dc47-47f3-8d8b-daa529a73ca2}</UniqueIdentifier>
    </Filter>
    <Filter Include="cpp\other">
      <UniqueIdentifier>{0343b9d1-da55-4dbb-a4dc-e06cedf668c0}</UniqueIdentifier>
    </Filter>
    <Filter Include="cpp\scene">
      <UniqueIdentifier>{17a0f19d-5da0-4a38-9e55-28b002b7801a}</UniqueIdentifier>
    </Filter>
    <Filter Include="cpp\object\bullet">
      <UniqueIdentifier>{5d532c76-1539-4750-a5ef-2c72661360ba}</UniqueIdentifier>
    </Filter>
    <Filter Include="h\effect">
      <UniqueIdentifier>{8d97ac0f-8e78-4f2f-9ac2-6d6cd33ff5bd}</UniqueIdentifier>
    </Filter>
    <Filter Include="h\scene">
      <UniqueIdentifier>{9b26a6b2-db78-4162-9f44-7b5492e5f5e8}</UniqueIdentifier>
    </Filter>
    <Filter Include="h\other">
      <UniqueIdentifier>{1b8cd7ca-d130-4ee8-a3fd-17daefc43ff1}</UniqueIdentifier>
    </Filter>
    <Filter Include="h\object">
      <UniqueIdentifier>{5355b4b6-760b-40d6-bfe0-840d10af5c09}</UniqueIdentifier>
    </Filter>
    <Filter Include="h\map">
      <UniqueIdentifier>{87f939d6-98b4-45ea-a247-27fce4cc9dac}</UniqueIdentifier>
    </Filter>
    <Filter Include="h\object\bullet">
      <UniqueIdentifier>{f191a436-44ff-46e5-b3de-2c3f45334114}</UniqueIdentifier>
    </Filter>
    <Filter Include="cpp\old">
      <UniqueIdentifier>{1108c7fe-ea07-42e4-8b14-eee85ba27b6a}</UniqueIdentifier>
    </Filter>
    <Filter Include="h\old">
      <UniqueIdentifier>{8e16f117-a184-4c38-b56f-a0393aa8f828}</UniqueIdentifier>
    </Filter>
  </ItemGroup>
  <ItemGroup>
    <ClCompile Include="..\cpp\collision.cpp">
      <Filter>cpp</Filter>
    </ClCompile>
    <ClCompile Include="..\cpp\library.cpp">
      <Filter>cpp</Filter>
    </ClCompile>
    <ClCompile Include="..\cpp\main.cpp">
      <Filter>cpp</Filter>
    </ClCompile>
    <ClCompile Include="..\cpp\effect\damege.cpp">
      <Filter>cpp\effect</Filter>
    </ClCompile>
    <ClCompile Include="..\cpp\effect\effect.cpp">
      <Filter>cpp\effect</Filter>
    </ClCompile>
    <ClCompile Include="..\cpp\effect\explosion.cpp">
      <Filter>cpp\effect</Filter>
    </ClCompile>
    <ClCompile Include="..\cpp\map\field.cpp">
      <Filter>cpp\map</Filter>
    </ClCompile>
    <ClCompile Include="..\cpp\map\wall.cpp">
      <Filter>cpp\map</Filter>
    </ClCompile>
    <ClCompile Include="..\cpp\scene\countdown.cpp">
      <Filter>cpp\scene</Filter>
    </ClCompile>
    <ClCompile Include="..\cpp\scene\rank.cpp">
      <Filter>cpp\scene</Filter>
    </ClCompile>
    <ClCompile Include="..\cpp\scene\result.cpp">
      <Filter>cpp\scene</Filter>
    </ClCompile>
    <ClCompile Include="..\cpp\scene\title.cpp">
      <Filter>cpp\scene</Filter>
    </ClCompile>
    <ClCompile Include="..\cpp\scene\tutorial.cpp">
      <Filter>cpp\scene</Filter>
    </ClCompile>
    <ClCompile Include="..\cpp\object\camera.cpp">
      <Filter>cpp\object</Filter>
    </ClCompile>
    <ClCompile Include="..\cpp\object\item.cpp">
      <Filter>cpp\object</Filter>
    </ClCompile>
    <ClCompile Include="..\cpp\object\player.cpp">
      <Filter>cpp\object</Filter>
    </ClCompile>
    <ClCompile Include="..\cpp\object\status.cpp">
      <Filter>cpp\object</Filter>
    </ClCompile>
    <ClCompile Include="..\cpp\object\bullet\bullet.cpp">
      <Filter>cpp\object\bullet</Filter>
    </ClCompile>
    <ClCompile Include="..\cpp\object\bullet\bulletgauge.cpp">
      <Filter>cpp\object\bullet</Filter>
    </ClCompile>
    <ClCompile Include="..\cpp\object\bullet\bulletprediction.cpp">
      <Filter>cpp\object\bullet</Filter>
    </ClCompile>
    <ClCompile Include="..\cpp\other\debugproc.cpp">
      <Filter>cpp\other</Filter>
    </ClCompile>
    <ClCompile Include="..\cpp\other\input.cpp">
      <Filter>cpp\other</Filter>
    </ClCompile>
    <ClCompile Include="..\cpp\other\light.cpp">
      <Filter>cpp\other</Filter>
    </ClCompile>
    <ClCompile Include="..\cpp\other\sound.cpp">
      <Filter>cpp\other</Filter>
    </ClCompile>
    <ClCompile Include="..\cpp\map\sky.cpp">
      <Filter>cpp\map</Filter>
    </ClCompile>
    <ClCompile Include="..\cpp\object\vitalgauge.cpp">
      <Filter>cpp\object</Filter>
    </ClCompile>
    <ClCompile Include="..\cpp\old\bullettex.cpp">
      <Filter>cpp\old</Filter>
    </ClCompile>
    <ClCompile Include="..\cpp\old\life.cpp">
      <Filter>cpp\old</Filter>
    </ClCompile>
    <ClCompile Include="..\cpp\old\time.cpp">
      <Filter>cpp\old</Filter>
    </ClCompile>
    <ClCompile Include="..\cpp\old\bulletpoint.cpp">
      <Filter>cpp\old</Filter>
    </ClCompile>
    <ClCompile Include="..\cpp\object\shadow.cpp">
      <Filter>cpp\object</Filter>
    </ClCompile>
    <ClCompile Include="..\cpp\object\objectclass.cpp">
      <Filter>cpp\object</Filter>
    </ClCompile>
    <ClCompile Include="..\cpp\other\fade.cpp">
      <Filter>cpp\other</Filter>
    </ClCompile>
  </ItemGroup>
  <ItemGroup>
    <ClInclude Include="..\h\collision.h">
      <Filter>h</Filter>
    </ClInclude>
    <ClInclude Include="..\h\library.h">
      <Filter>h</Filter>
    </ClInclude>
    <ClInclude Include="..\h\main.h">
      <Filter>h</Filter>
    </ClInclude>
    <ClInclude Include="..\h\effect\damege.h">
      <Filter>h\effect</Filter>
    </ClInclude>
    <ClInclude Include="..\h\effect\effect.h">
      <Filter>h\effect</Filter>
    </ClInclude>
    <ClInclude Include="..\h\effect\explosion.h">
      <Filter>h\effect</Filter>
    </ClInclude>
    <ClInclude Include="..\h\map\field.h">
      <Filter>h\map</Filter>
    </ClInclude>
    <ClInclude Include="..\h\map\wall.h">
      <Filter>h\map</Filter>
    </ClInclude>
    <ClInclude Include="..\h\object\camera.h">
      <Filter>h\object</Filter>
    </ClInclude>
    <ClInclude Include="..\h\object\item.h">
      <Filter>h\object</Filter>
    </ClInclude>
    <ClInclude Include="..\h\object\player.h">
      <Filter>h\object</Filter>
    </ClInclude>
    <ClInclude Include="..\h\object\status.h">
      <Filter>h\object</Filter>
    </ClInclude>
    <ClInclude Include="..\h\object\bullet\bullet.h">
      <Filter>h\object\bullet</Filter>
    </ClInclude>
    <ClInclude Include="..\h\object\bullet\bulletgauge.h">
      <Filter>h\object\bullet</Filter>
    </ClInclude>
    <ClInclude Include="..\h\object\bullet\bulletprediction.h">
      <Filter>h\object\bullet</Filter>
    </ClInclude>
    <ClInclude Include="..\h\other\debugproc.h">
      <Filter>h\other</Filter>
    </ClInclude>
    <ClInclude Include="..\h\other\input.h">
      <Filter>h\other</Filter>
    </ClInclude>
    <ClInclude Include="..\h\other\light.h">
      <Filter>h\other</Filter>
    </ClInclude>
    <ClInclude Include="..\h\other\sound.h">
      <Filter>h\other</Filter>
    </ClInclude>
    <ClInclude Include="..\h\scene\countdown.h">
      <Filter>h\scene</Filter>
    </ClInclude>
    <ClInclude Include="..\h\scene\rank.h">
      <Filter>h\scene</Filter>
    </ClInclude>
    <ClInclude Include="..\h\scene\result.h">
      <Filter>h\scene</Filter>
    </ClInclude>
    <ClInclude Include="..\h\scene\title.h">
      <Filter>h\scene</Filter>
    </ClInclude>
    <ClInclude Include="..\h\scene\tutorial.h">
      <Filter>h\scene</Filter>
    </ClInclude>
    <ClInclude Include="..\h\map\sky.h">
      <Filter>h\map</Filter>
    </ClInclude>
    <ClInclude Include="..\h\object\vitalgauge.h">
      <Filter>h\object</Filter>
    </ClInclude>
    <ClInclude Include="..\h\old\bulletpoint.h">
      <Filter>h\old</Filter>
    </ClInclude>
    <ClInclude Include="..\h\old\bullettex.h">
      <Filter>h\old</Filter>
    </ClInclude>
    <ClInclude Include="..\h\old\life.h">
      <Filter>h\old</Filter>
    </ClInclude>
    <ClInclude Include="..\h\old\time.h">
      <Filter>h\old</Filter>
    </ClInclude>
    <ClInclude Include="..\h\object\shadow.h">
      <Filter>h\object</Filter>
    </ClInclude>
    <ClInclude Include="..\h\object\objectclass.h">
      <Filter>h\object</Filter>
    </ClInclude>
    <ClInclude Include="..\h\other\fade.h">
      <Filter>h\other</Filter>
    </ClInclude>
  </ItemGroup>
</Project>